
Microsoft Visual Studio Solution File, Format Version 12.00
# Visual Studio Version 17
VisualStudioVersion = 17.2.32630.192
MinimumVisualStudioVersion = 10.0.40219.1
Project("{FAE04EC0-301F-11D3-BF4B-00C04F79EFBC}") = "EXSM3944_Demo", "EXSM3944_Demo\EXSM3944_Demo.csproj", "{397EF725-04E7-4E51-9009-442183A9E29A}"
EndProject
Global
	GlobalSection(SolutionConfigurationPlatforms) = preSolution
		Debug|Any CPU = Debug|Any CPU
		Release|Any CPU = Release|Any CPU
	EndGlobalSection
	GlobalSection(ProjectConfigurationPlatforms) = postSolution
		{397EF725-04E7-4E51-9009-442183A9E29A}.Debug|Any CPU.ActiveCfg = Debug|Any CPU
		{397EF725-04E7-4E51-9009-442183A9E29A}.Debug|Any CPU.Build.0 = Debug|Any CPU
		{397EF725-04E7-4E51-9009-442183A9E29A}.Release|Any CPU.ActiveCfg = Release|Any CPU
		{397EF725-04E7-4E51-9009-442183A9E29A}.Release|Any CPU.Build.0 = Release|Any CPU
	EndGlobalSection
	GlobalSection(SolutionProperties) = preSolution
		HideSolutionNode = FALSE
	EndGlobalSection
	GlobalSection(ExtensibilityGlobals) = postSolution
		SolutionGuid = {8EB6421B-53B2-4270-8884-EFF39713CEFD}
	EndGlobalSection
EndGlobal
